// !$*UTF8*$!
{
	archiveVersion = 1;
	classes = {
	};
	objectVersion = 46;
	objects = {

/* Begin PBXBuildFile section */
		1D60589F0D05DD5A006BFB54 /* Foundation.framework in Frameworks */ = {isa = PBXBuildFile; fileRef = 1D30AB110D05D00D00671497 /* Foundation.framework */; };
		1DF5F4E00D08C38300B7A737 /* UIKit.framework in Frameworks */ = {isa = PBXBuildFile; fileRef = 1DF5F4DF0D08C38300B7A737 /* UIKit.framework */; };
		288765A50DF7441C002DB57D /* CoreGraphics.framework in Frameworks */ = {isa = PBXBuildFile; fileRef = 288765A40DF7441C002DB57D /* CoreGraphics.framework */; };
		28AD733F0D9D9553002E5188 /* MainWindow.xib in Resources */ = {isa = PBXBuildFile; fileRef = 28AD733E0D9D9553002E5188 /* MainWindow.xib */; };
		7C1E9972134A88FD00674C9B /* AudioToolbox.framework in Frameworks */ = {isa = PBXBuildFile; fileRef = 7C1E9971134A88FD00674C9B /* AudioToolbox.framework */; };
		7C8210651294A217002C4212 /* OpenGLES.framework in Frameworks */ = {isa = PBXBuildFile; fileRef = 7C8210641294A217002C4212 /* OpenGLES.framework */; };
		7C8210791294A24C002C4212 /* QuartzCore.framework in Frameworks */ = {isa = PBXBuildFile; fileRef = 7C8210781294A24C002C4212 /* QuartzCore.framework */; };
		7C8210871294A2EB002C4212 /* main.mm in Sources */ = {isa = PBXBuildFile; fileRef = 7C8210861294A2EB002C4212 /* main.mm */; };
		7CD6ED101294B9D9005678BB /* data in Resources */ = {isa = PBXBuildFile; fileRef = 7CD6ED0E1294B9D9005678BB /* data */; };
		7CF9539A1311FB37005295F9 /* OpenAL.framework in Frameworks */ = {isa = PBXBuildFile; fileRef = 7CF953991311FB37005295F9 /* OpenAL.framework */; };
		7CFC10BD139C4FF8006BABB6 /* AVFoundation.framework in Frameworks */ = {isa = PBXBuildFile; fileRef = 7CFC10BC139C4FF8006BABB6 /* AVFoundation.framework */; };
		C833D92815B7CD5A00605AAD /* Appirater.m in Sources */ = {isa = PBXBuildFile; fileRef = C833D91815B7CD5A00605AAD /* Appirater.m */; };
		C833D92915B7CD5A00605AAD /* README.md in Resources */ = {isa = PBXBuildFile; fileRef = C833D91915B7CD5A00605AAD /* README.md */; };
		C833D92A15B7CD5A00605AAD /* Localizable.strings in Resources */ = {isa = PBXBuildFile; fileRef = C833D91A15B7CD5A00605AAD /* Localizable.strings */; };
		C83CA36015AF80E2009929BA /* icon4.png in Resources */ = {isa = PBXBuildFile; fileRef = C83CA35F15AF80E2009929BA /* icon4.png */; };
		C83CA36215AF80FB009929BA /* icon7.png in Resources */ = {isa = PBXBuildFile; fileRef = C83CA36115AF80FB009929BA /* icon7.png */; };
		C83CA36615AF8213009929BA /* Default-Portrait~ipad.png in Resources */ = {isa = PBXBuildFile; fileRef = C83CA36515AF8213009929BA /* Default-Portrait~ipad.png */; };
		C83CA36815AF825A009929BA /* icon6.png in Resources */ = {isa = PBXBuildFile; fileRef = C83CA36715AF825A009929BA /* icon6.png */; };
		C85711EE15B75B7D00AF0E08 /* CFNetwork.framework in Frameworks */ = {isa = PBXBuildFile; fileRef = C85711ED15B75B7D00AF0E08 /* CFNetwork.framework */; };
		C85711F015B75B8400AF0E08 /* SystemConfiguration.framework in Frameworks */ = {isa = PBXBuildFile; fileRef = C85711EF15B75B8400AF0E08 /* SystemConfiguration.framework */; };
		C88FB85C15B74511003E28E0 /* icon72.png in Resources */ = {isa = PBXBuildFile; fileRef = C88FB85B15B74511003E28E0 /* icon72.png */; };
		C88FB85E15B7518A003E28E0 /* icon144.png in Resources */ = {isa = PBXBuildFile; fileRef = C88FB85D15B7518A003E28E0 /* icon144.png */; };
		C88FB86015B75194003E28E0 /* icon114.png in Resources */ = {isa = PBXBuildFile; fileRef = C88FB85F15B75194003E28E0 /* icon114.png */; };
		C88FB86215B75224003E28E0 /* icon57.png in Resources */ = {isa = PBXBuildFile; fileRef = C88FB86115B75224003E28E0 /* icon57.png */; };
		C8DB87CC15B4D0FB0097E4A0 /* icon3.png in Resources */ = {isa = PBXBuildFile; fileRef = C8DB87CB15B4D0FB0097E4A0 /* icon3.png */; };
		C8DB87CE15B4D2C20097E4A0 /* Default-Portrait@2x~ipad.png in Resources */ = {isa = PBXBuildFile; fileRef = C8DB87CD15B4D2C20097E4A0 /* Default-Portrait@2x~ipad.png */; };
		C8DB87CF15B4D2F40097E4A0 /* Default@2x.png in Resources */ = {isa = PBXBuildFile; fileRef = C83CA36315AF81FE009929BA /* Default@2x.png */; };
		C8DB87D015B4D2F70097E4A0 /* Default.png in Resources */ = {isa = PBXBuildFile; fileRef = C83CA36915AF8294009929BA /* Default.png */; };
		C8DE2D8915B07B2E00937E84 /* StoreKit.framework in Frameworks */ = {isa = PBXBuildFile; fileRef = C8DE2D8815B07B2E00937E84 /* StoreKit.framework */; };
/* End PBXBuildFile section */

/* Begin PBXFileReference section */
		1D30AB110D05D00D00671497 /* Foundation.framework */ = {isa = PBXFileReference; lastKnownFileType = wrapper.framework; name = Foundation.framework; path = System/Library/Frameworks/Foundation.framework; sourceTree = SDKROOT; };
		1DF5F4DF0D08C38300B7A737 /* UIKit.framework */ = {isa = PBXFileReference; lastKnownFileType = wrapper.framework; name = UIKit.framework; path = System/Library/Frameworks/UIKit.framework; sourceTree = SDKROOT; };
		288765A40DF7441C002DB57D /* CoreGraphics.framework */ = {isa = PBXFileReference; lastKnownFileType = wrapper.framework; name = CoreGraphics.framework; path = System/Library/Frameworks/CoreGraphics.framework; sourceTree = SDKROOT; };
		28AD733E0D9D9553002E5188 /* MainWindow.xib */ = {isa = PBXFileReference; lastKnownFileType = file.xib; path = MainWindow.xib; sourceTree = "<group>"; };
		32CA4F630368D1EE00C91783 /* MonkeyGame_Prefix.pch */ = {isa = PBXFileReference; fileEncoding = 4; lastKnownFileType = sourcecode.c.h; path = MonkeyGame_Prefix.pch; sourceTree = "<group>"; };
		7C1E9971134A88FD00674C9B /* AudioToolbox.framework */ = {isa = PBXFileReference; lastKnownFileType = wrapper.framework; name = AudioToolbox.framework; path = System/Library/Frameworks/AudioToolbox.framework; sourceTree = SDKROOT; };
		7C8210641294A217002C4212 /* OpenGLES.framework */ = {isa = PBXFileReference; lastKnownFileType = wrapper.framework; name = OpenGLES.framework; path = System/Library/Frameworks/OpenGLES.framework; sourceTree = SDKROOT; };
		7C8210781294A24C002C4212 /* QuartzCore.framework */ = {isa = PBXFileReference; lastKnownFileType = wrapper.framework; name = QuartzCore.framework; path = System/Library/Frameworks/QuartzCore.framework; sourceTree = SDKROOT; };
		7C8210851294A2EB002C4212 /* main.h */ = {isa = PBXFileReference; fileEncoding = 4; lastKnownFileType = sourcecode.c.h; path = main.h; sourceTree = "<group>"; };
		7C8210861294A2EB002C4212 /* main.mm */ = {isa = PBXFileReference; fileEncoding = 4; lastKnownFileType = sourcecode.cpp.objcpp; path = main.mm; sourceTree = "<group>"; };
		7CBDF49E1295F5B6001F0D79 /* DaffyDrop.app */ = {isa = PBXFileReference; explicitFileType = wrapper.application; includeInIndex = 0; path = DaffyDrop.app; sourceTree = BUILT_PRODUCTS_DIR; };
		7CD6ED0E1294B9D9005678BB /* data */ = {isa = PBXFileReference; lastKnownFileType = folder; path = data; sourceTree = SOURCE_ROOT; };
		7CF953991311FB37005295F9 /* OpenAL.framework */ = {isa = PBXFileReference; lastKnownFileType = wrapper.framework; name = OpenAL.framework; path = System/Library/Frameworks/OpenAL.framework; sourceTree = SDKROOT; };
		7CFC10BC139C4FF8006BABB6 /* AVFoundation.framework */ = {isa = PBXFileReference; lastKnownFileType = wrapper.framework; name = AVFoundation.framework; path = System/Library/Frameworks/AVFoundation.framework; sourceTree = SDKROOT; };
		8D1107310486CEB800E47090 /* MonkeyGame-Info.plist */ = {isa = PBXFileReference; fileEncoding = 4; lastKnownFileType = text.plist.xml; path = "MonkeyGame-Info.plist"; plistStructureDefinitionIdentifier = "com.apple.xcode.plist.structure-definition.iphone.info-plist"; sourceTree = "<group>"; };
		C833D91715B7CD5A00605AAD /* Appirater.h */ = {isa = PBXFileReference; fileEncoding = 4; lastKnownFileType = sourcecode.c.h; path = Appirater.h; sourceTree = "<group>"; };
		C833D91815B7CD5A00605AAD /* Appirater.m */ = {isa = PBXFileReference; fileEncoding = 4; lastKnownFileType = sourcecode.c.objc; path = Appirater.m; sourceTree = "<group>"; };
		C833D91915B7CD5A00605AAD /* README.md */ = {isa = PBXFileReference; fileEncoding = 4; lastKnownFileType = text; path = README.md; sourceTree = "<group>"; };
		C833D91B15B7CD5A00605AAD /* da */ = {isa = PBXFileReference; lastKnownFileType = text.plist.strings; name = da; path = da.lproj/Localizable.strings; sourceTree = "<group>"; };
		C833D91C15B7CD5A00605AAD /* de */ = {isa = PBXFileReference; lastKnownFileType = text.plist.strings; name = de; path = de.lproj/Localizable.strings; sourceTree = "<group>"; };
		C833D91D15B7CD5A00605AAD /* en */ = {isa = PBXFileReference; lastKnownFileType = text.plist.strings; name = en; path = en.lproj/Localizable.strings; sourceTree = "<group>"; };
		C833D91E15B7CD5A00605AAD /* es */ = {isa = PBXFileReference; lastKnownFileType = text.plist.strings; name = es; path = es.lproj/Localizable.strings; sourceTree = "<group>"; };
		C833D91F15B7CD5A00605AAD /* fr */ = {isa = PBXFileReference; lastKnownFileType = text.plist.strings; name = fr; path = fr.lproj/Localizable.strings; sourceTree = "<group>"; };
		C833D92015B7CD5A00605AAD /* it */ = {isa = PBXFileReference; lastKnownFileType = text.plist.strings; name = it; path = it.lproj/Localizable.strings; sourceTree = "<group>"; };
		C833D92115B7CD5A00605AAD /* ja */ = {isa = PBXFileReference; lastKnownFileType = text.plist.strings; name = ja; path = ja.lproj/Localizable.strings; sourceTree = "<group>"; };
		C833D92215B7CD5A00605AAD /* ko */ = {isa = PBXFileReference; lastKnownFileType = text.plist.strings; name = ko; path = ko.lproj/Localizable.strings; sourceTree = "<group>"; };
		C833D92315B7CD5A00605AAD /* nl */ = {isa = PBXFileReference; lastKnownFileType = text.plist.strings; name = nl; path = nl.lproj/Localizable.strings; sourceTree = "<group>"; };
		C833D92415B7CD5A00605AAD /* pl */ = {isa = PBXFileReference; lastKnownFileType = text.plist.strings; name = pl; path = pl.lproj/Localizable.strings; sourceTree = "<group>"; };
		C833D92515B7CD5A00605AAD /* pt */ = {isa = PBXFileReference; lastKnownFileType = text.plist.strings; name = pt; path = pt.lproj/Localizable.strings; sourceTree = "<group>"; };
		C833D92615B7CD5A00605AAD /* ru */ = {isa = PBXFileReference; lastKnownFileType = text.plist.strings; name = ru; path = ru.lproj/Localizable.strings; sourceTree = "<group>"; };
		C833D92715B7CD5A00605AAD /* sv */ = {isa = PBXFileReference; lastKnownFileType = text.plist.strings; name = sv; path = sv.lproj/Localizable.strings; sourceTree = "<group>"; };
		C83CA35F15AF80E2009929BA /* icon4.png */ = {isa = PBXFileReference; lastKnownFileType = image.png; path = icon4.png; sourceTree = "<group>"; };
		C83CA36115AF80FB009929BA /* icon7.png */ = {isa = PBXFileReference; lastKnownFileType = image.png; path = icon7.png; sourceTree = "<group>"; };
		C83CA36315AF81FE009929BA /* Default@2x.png */ = {isa = PBXFileReference; lastKnownFileType = image.png; path = "Default@2x.png"; sourceTree = "<group>"; };
		C83CA36515AF8213009929BA /* Default-Portrait~ipad.png */ = {isa = PBXFileReference; lastKnownFileType = image.png; path = "Default-Portrait~ipad.png"; sourceTree = "<group>"; };
		C83CA36715AF825A009929BA /* icon6.png */ = {isa = PBXFileReference; lastKnownFileType = image.png; path = icon6.png; sourceTree = "<group>"; };
		C83CA36915AF8294009929BA /* Default.png */ = {isa = PBXFileReference; lastKnownFileType = image.png; path = Default.png; sourceTree = "<group>"; };
		C85711ED15B75B7D00AF0E08 /* CFNetwork.framework */ = {isa = PBXFileReference; lastKnownFileType = wrapper.framework; name = CFNetwork.framework; path = System/Library/Frameworks/CFNetwork.framework; sourceTree = SDKROOT; };
		C85711EF15B75B8400AF0E08 /* SystemConfiguration.framework */ = {isa = PBXFileReference; lastKnownFileType = wrapper.framework; name = SystemConfiguration.framework; path = System/Library/Frameworks/SystemConfiguration.framework; sourceTree = SDKROOT; };
		C88FB85B15B74511003E28E0 /* icon72.png */ = {isa = PBXFileReference; lastKnownFileType = image.png; path = icon72.png; sourceTree = "<group>"; };
		C88FB85D15B7518A003E28E0 /* icon144.png */ = {isa = PBXFileReference; lastKnownFileType = image.png; path = icon144.png; sourceTree = "<group>"; };
		C88FB85F15B75194003E28E0 /* icon114.png */ = {isa = PBXFileReference; lastKnownFileType = image.png; path = icon114.png; sourceTree = "<group>"; };
		C88FB86115B75224003E28E0 /* icon57.png */ = {isa = PBXFileReference; lastKnownFileType = image.png; path = icon57.png; sourceTree = "<group>"; };
		C8DB87CB15B4D0FB0097E4A0 /* icon3.png */ = {isa = PBXFileReference; lastKnownFileType = image.png; path = icon3.png; sourceTree = "<group>"; };
		C8DB87CD15B4D2C20097E4A0 /* Default-Portrait@2x~ipad.png */ = {isa = PBXFileReference; lastKnownFileType = image.png; path = "Default-Portrait@2x~ipad.png"; sourceTree = "<group>"; };
		C8DE2D8815B07B2E00937E84 /* StoreKit.framework */ = {isa = PBXFileReference; lastKnownFileType = wrapper.framework; name = StoreKit.framework; path = System/Library/Frameworks/StoreKit.framework; sourceTree = SDKROOT; };
/* End PBXFileReference section */

/* Begin PBXFrameworksBuildPhase section */
		1D60588F0D05DD3D006BFB54 /* Frameworks */ = {
			isa = PBXFrameworksBuildPhase;
			buildActionMask = 2147483647;
			files = (
				C85711F015B75B8400AF0E08 /* SystemConfiguration.framework in Frameworks */,
				C85711EE15B75B7D00AF0E08 /* CFNetwork.framework in Frameworks */,
				C8DE2D8915B07B2E00937E84 /* StoreKit.framework in Frameworks */,
				1D60589F0D05DD5A006BFB54 /* Foundation.framework in Frameworks */,
				1DF5F4E00D08C38300B7A737 /* UIKit.framework in Frameworks */,
				288765A50DF7441C002DB57D /* CoreGraphics.framework in Frameworks */,
				7C8210651294A217002C4212 /* OpenGLES.framework in Frameworks */,
				7C8210791294A24C002C4212 /* QuartzCore.framework in Frameworks */,
				7CF9539A1311FB37005295F9 /* OpenAL.framework in Frameworks */,
				7C1E9972134A88FD00674C9B /* AudioToolbox.framework in Frameworks */,
				7CFC10BD139C4FF8006BABB6 /* AVFoundation.framework in Frameworks */,
			);
			runOnlyForDeploymentPostprocessing = 0;
		};
/* End PBXFrameworksBuildPhase section */

/* Begin PBXGroup section */
		19C28FACFE9D520D11CA2CBB /* Products */ = {
			isa = PBXGroup;
			children = (
				7CBDF49E1295F5B6001F0D79 /* DaffyDrop.app */,
			);
			name = Products;
			sourceTree = "<group>";
		};
		29B97314FDCFA39411CA2CEA /* CustomTemplate */ = {
			isa = PBXGroup;
			children = (
				C85711EF15B75B8400AF0E08 /* SystemConfiguration.framework */,
				C85711ED15B75B7D00AF0E08 /* CFNetwork.framework */,
				C88FB86115B75224003E28E0 /* icon57.png */,
				C88FB85F15B75194003E28E0 /* icon114.png */,
				C88FB85D15B7518A003E28E0 /* icon144.png */,
				C88FB85B15B74511003E28E0 /* icon72.png */,
				C833D91615B7CD5A00605AAD /* appirater */,
				C8DB87CD15B4D2C20097E4A0 /* Default-Portrait@2x~ipad.png */,
				C8DB87CB15B4D0FB0097E4A0 /* icon3.png */,
				C8DE2D8815B07B2E00937E84 /* StoreKit.framework */,
				C83CA36915AF8294009929BA /* Default.png */,
				C83CA36715AF825A009929BA /* icon6.png */,
				C83CA36515AF8213009929BA /* Default-Portrait~ipad.png */,
				C83CA36315AF81FE009929BA /* Default@2x.png */,
				C83CA36115AF80FB009929BA /* icon7.png */,
				C83CA35F15AF80E2009929BA /* icon4.png */,
				29B97315FDCFA39411CA2CEA /* Other Sources */,
				29B97317FDCFA39411CA2CEA /* Resources */,
				29B97323FDCFA39411CA2CEA /* Frameworks */,
				19C28FACFE9D520D11CA2CBB /* Products */,
			);
			name = CustomTemplate;
			sourceTree = "<group>";
		};
		29B97315FDCFA39411CA2CEA /* Other Sources */ = {
			isa = PBXGroup;
			children = (
				7C8210851294A2EB002C4212 /* main.h */,
				7C8210861294A2EB002C4212 /* main.mm */,
				32CA4F630368D1EE00C91783 /* MonkeyGame_Prefix.pch */,
			);
			name = "Other Sources";
			sourceTree = "<group>";
		};
		29B97317FDCFA39411CA2CEA /* Resources */ = {
			isa = PBXGroup;
			children = (
				7CD6ED0E1294B9D9005678BB /* data */,
				28AD733E0D9D9553002E5188 /* MainWindow.xib */,
				8D1107310486CEB800E47090 /* MonkeyGame-Info.plist */,
			);
			name = Resources;
			sourceTree = "<group>";
		};
		29B97323FDCFA39411CA2CEA /* Frameworks */ = {
			isa = PBXGroup;
			children = (
				7CFC10BC139C4FF8006BABB6 /* AVFoundation.framework */,
				7C8210641294A217002C4212 /* OpenGLES.framework */,
				1DF5F4DF0D08C38300B7A737 /* UIKit.framework */,
				1D30AB110D05D00D00671497 /* Foundation.framework */,
				288765A40DF7441C002DB57D /* CoreGraphics.framework */,
				7C8210781294A24C002C4212 /* QuartzCore.framework */,
				7CF953991311FB37005295F9 /* OpenAL.framework */,
				7C1E9971134A88FD00674C9B /* AudioToolbox.framework */,
			);
			name = Frameworks;
			sourceTree = "<group>";
		};
		C833D91615B7CD5A00605AAD /* appirater */ = {
			isa = PBXGroup;
			children = (
				C833D91715B7CD5A00605AAD /* Appirater.h */,
				C833D91815B7CD5A00605AAD /* Appirater.m */,
				C833D91915B7CD5A00605AAD /* README.md */,
				C833D91A15B7CD5A00605AAD /* Localizable.strings */,
			);
			path = appirater;
			sourceTree = "<group>";
		};
/* End PBXGroup section */

/* Begin PBXNativeTarget section */
		1D6058900D05DD3D006BFB54 /* MonkeyGame */ = {
			isa = PBXNativeTarget;
			buildConfigurationList = 1D6058960D05DD3E006BFB54 /* Build configuration list for PBXNativeTarget "MonkeyGame" */;
			buildPhases = (
				1D60588D0D05DD3D006BFB54 /* Resources */,
				1D60588E0D05DD3D006BFB54 /* Sources */,
				1D60588F0D05DD3D006BFB54 /* Frameworks */,
			);
			buildRules = (
			);
			dependencies = (
			);
			name = MonkeyGame;
			productName = MonkeyGame;
			productReference = 7CBDF49E1295F5B6001F0D79 /* DaffyDrop.app */;
			productType = "com.apple.product-type.application";
		};
/* End PBXNativeTarget section */

/* Begin PBXProject section */
		29B97313FDCFA39411CA2CEA /* Project object */ = {
			isa = PBXProject;
			attributes = {
				LastUpgradeCheck = 0430;
			};
			buildConfigurationList = C01FCF4E08A954540054247B /* Build configuration list for PBXProject "DaffyDrop" */;
			compatibilityVersion = "Xcode 3.2";
			developmentRegion = English;
			hasScannedForEncodings = 1;
			knownRegions = (
				English,
				Japanese,
				French,
				German,
				da,
				de,
				en,
				es,
				fr,
				it,
				ja,
				ko,
				nl,
				pl,
				pt,
				ru,
				sv,
			);
			mainGroup = 29B97314FDCFA39411CA2CEA /* CustomTemplate */;
			projectDirPath = "";
			projectRoot = "";
			targets = (
				1D6058900D05DD3D006BFB54 /* MonkeyGame */,
			);
		};
/* End PBXProject section */

/* Begin PBXResourcesBuildPhase section */
		1D60588D0D05DD3D006BFB54 /* Resources */ = {
			isa = PBXResourcesBuildPhase;
			buildActionMask = 2147483647;
			files = (
				28AD733F0D9D9553002E5188 /* MainWindow.xib in Resources */,
				7CD6ED101294B9D9005678BB /* data in Resources */,
				C83CA36015AF80E2009929BA /* icon4.png in Resources */,
				C83CA36215AF80FB009929BA /* icon7.png in Resources */,
				C83CA36615AF8213009929BA /* Default-Portrait~ipad.png in Resources */,
				C83CA36815AF825A009929BA /* icon6.png in Resources */,
				C8DB87CC15B4D0FB0097E4A0 /* icon3.png in Resources */,
				C8DB87CE15B4D2C20097E4A0 /* Default-Portrait@2x~ipad.png in Resources */,
				C8DB87CF15B4D2F40097E4A0 /* Default@2x.png in Resources */,
				C8DB87D015B4D2F70097E4A0 /* Default.png in Resources */,
				C88FB85C15B74511003E28E0 /* icon72.png in Resources */,
				C88FB85E15B7518A003E28E0 /* icon144.png in Resources */,
				C88FB86015B75194003E28E0 /* icon114.png in Resources */,
				C88FB86215B75224003E28E0 /* icon57.png in Resources */,
				C833D92915B7CD5A00605AAD /* README.md in Resources */,
				C833D92A15B7CD5A00605AAD /* Localizable.strings in Resources */,
			);
			runOnlyForDeploymentPostprocessing = 0;
		};
/* End PBXResourcesBuildPhase section */

/* Begin PBXSourcesBuildPhase section */
		1D60588E0D05DD3D006BFB54 /* Sources */ = {
			isa = PBXSourcesBuildPhase;
			buildActionMask = 2147483647;
			files = (
				7C8210871294A2EB002C4212 /* main.mm in Sources */,
				C833D92815B7CD5A00605AAD /* Appirater.m in Sources */,
			);
			runOnlyForDeploymentPostprocessing = 0;
		};
/* End PBXSourcesBuildPhase section */

/* Begin PBXVariantGroup section */
		C833D91A15B7CD5A00605AAD /* Localizable.strings */ = {
			isa = PBXVariantGroup;
			children = (
				C833D91B15B7CD5A00605AAD /* da */,
				C833D91C15B7CD5A00605AAD /* de */,
				C833D91D15B7CD5A00605AAD /* en */,
				C833D91E15B7CD5A00605AAD /* es */,
				C833D91F15B7CD5A00605AAD /* fr */,
				C833D92015B7CD5A00605AAD /* it */,
				C833D92115B7CD5A00605AAD /* ja */,
				C833D92215B7CD5A00605AAD /* ko */,
				C833D92315B7CD5A00605AAD /* nl */,
				C833D92415B7CD5A00605AAD /* pl */,
				C833D92515B7CD5A00605AAD /* pt */,
				C833D92615B7CD5A00605AAD /* ru */,
				C833D92715B7CD5A00605AAD /* sv */,
			);
			name = Localizable.strings;
			sourceTree = "<group>";
		};
/* End PBXVariantGroup section */

/* Begin XCBuildConfiguration section */
		1D6058940D05DD3E006BFB54 /* Debug */ = {
			isa = XCBuildConfiguration;
			buildSettings = {
				ALWAYS_SEARCH_USER_PATHS = YES;
				CODE_SIGN_IDENTITY = "iPhone Developer";
				COMPRESS_PNG_FILES = YES;
				COPY_PHASE_STRIP = NO;
				GCC_DYNAMIC_NO_PIC = NO;
				GCC_OPTIMIZATION_LEVEL = 0;
				GCC_PRECOMPILE_PREFIX_HEADER = YES;
				GCC_PREFIX_HEADER = MonkeyGame_Prefix.pch;
				INFOPLIST_FILE = "MonkeyGame-Info.plist";
				New_Setting = "";
				PRODUCT_NAME = DaffyDrop;
				PROVISIONING_PROFILE = "";
			};
			name = Debug;
		};
		1D6058950D05DD3E006BFB54 /* Release */ = {
			isa = XCBuildConfiguration;
			buildSettings = {
				ALWAYS_SEARCH_USER_PATHS = YES;
				CODE_SIGN_IDENTITY = "iPhone Developer";
				"CODE_SIGN_IDENTITY[sdk=iphoneos*]" = "iPhone Developer";
				COMPRESS_PNG_FILES = YES;
				COPY_PHASE_STRIP = YES;
				GCC_PRECOMPILE_PREFIX_HEADER = YES;
				GCC_PREFIX_HEADER = MonkeyGame_Prefix.pch;
				HEADER_SEARCH_PATHS = "";
				INFOPLIST_FILE = "MonkeyGame-Info.plist";
				New_Setting = "";
				PRODUCT_NAME = DaffyDrop;
				PROVISIONING_PROFILE = "";
				"PROVISIONING_PROFILE[sdk=iphoneos*]" = "";
				VALIDATE_PRODUCT = YES;
			};
			name = Release;
		};
		C01FCF4F08A954540054247B /* Debug */ = {
			isa = XCBuildConfiguration;
			buildSettings = {
				ARCHS = (
					armv6,
					"$(ARCHS_UNIVERSAL_IPHONE_OS)",
				);
				CODE_SIGN_IDENTITY = "iPhone Distribution: Michael Contento";
				"CODE_SIGN_IDENTITY[sdk=iphoneos*]" = "iPhone Distribution: Michael Contento";
				COMPRESS_PNG_FILES = YES;
				GCC_C_LANGUAGE_STANDARD = c99;
				GCC_THUMB_SUPPORT = NO;
				GCC_WARN_ABOUT_RETURN_TYPE = YES;
				GCC_WARN_UNUSED_VARIABLE = YES;
				IPHONEOS_DEPLOYMENT_TARGET = 3.0;
				PROVISIONING_PROFILE = "BB9A0A7C-0427-4770-B23C-61B3C47D9CD8";
				"PROVISIONING_PROFILE[sdk=iphoneos*]" = "BB9A0A7C-0427-4770-B23C-61B3C47D9CD8";
				SDKROOT = iphoneos;
				TARGETED_DEVICE_FAMILY = "1,2";
			};
			name = Debug;
		};
		C01FCF5008A954540054247B /* Release */ = {
			isa = XCBuildConfiguration;
			buildSettings = {
				ARCHS = (
					armv6,
					"$(ARCHS_UNIVERSAL_IPHONE_OS)",
				);
				CODE_SIGN_IDENTITY = "iPhone Distribution: Michael Contento";
				"CODE_SIGN_IDENTITY[sdk=iphoneos*]" = "iPhone Distribution: Michael Contento";
				COMPRESS_PNG_FILES = YES;
				GCC_C_LANGUAGE_STANDARD = c99;
				GCC_THUMB_SUPPORT = NO;
				GCC_WARN_ABOUT_RETURN_TYPE = YES;
				GCC_WARN_UNUSED_VARIABLE = YES;
				IPHONEOS_DEPLOYMENT_TARGET = 3.0;
				OTHER_CFLAGS = "-DNS_BLOCK_ASSERTIONS=1";
				PROVISIONING_PROFILE = "BB9A0A7C-0427-4770-B23C-61B3C47D9CD8";
				"PROVISIONING_PROFILE[sdk=iphoneos*]" = "BB9A0A7C-0427-4770-B23C-61B3C47D9CD8";
				SDKROOT = iphoneos;
				TARGETED_DEVICE_FAMILY = "1,2";
			};
			name = Release;
		};
/* End XCBuildConfiguration section */

/* Begin XCConfigurationList section */
		1D6058960D05DD3E006BFB54 /* Build configuration list for PBXNativeTarget "MonkeyGame" */ = {
			isa = XCConfigurationList;
			buildConfigurations = (
				1D6058940D05DD3E006BFB54 /* Debug */,
				1D6058950D05DD3E006BFB54 /* Release */,
			);
			defaultConfigurationIsVisible = 0;
			defaultConfigurationName = Release;
		};
		C01FCF4E08A954540054247B /* Build configuration list for PBXProject "DaffyDrop" */ = {
			isa = XCConfigurationList;
			buildConfigurations = (
				C01FCF4F08A954540054247B /* Debug */,
				C01FCF5008A954540054247B /* Release */,
			);
			defaultConfigurationIsVisible = 0;
			defaultConfigurationName = Release;
		};
/* End XCConfigurationList section */
	};
	rootObject = 29B97313FDCFA39411CA2CEA /* Project object */;
}
